
Microsoft Visual Studio Solution File, Format Version 12.00
# Visual Studio 15
VisualStudioVersion = 15.0.27130.2036
MinimumVisualStudioVersion = 10.0.40219.1
Project("{FAE04EC0-301F-11D3-BF4B-00C04F79EFBC}") = "BIMStore", "BIMStore\BIMStore.csproj", "{3D00E95F-BAEF-4681-BB1A-66042D38DC8D}"
EndProject
Project("{54435603-DBB4-11D2-8724-00A0C9A8B90C}") = "BIMStoreSetup", "BIMStoreSetup\BIMStoreSetup.vdproj", "{ABC3C39C-1BA1-4911-B719-D28906AF3637}"
EndProject
Global
	GlobalSection(SolutionConfigurationPlatforms) = preSolution
		Debug|Any CPU = Debug|Any CPU
		Release|Any CPU = Release|Any CPU
	EndGlobalSection
	GlobalSection(ProjectConfigurationPlatforms) = postSolution
		{3D00E95F-BAEF-4681-BB1A-66042D38DC8D}.Debug|Any CPU.ActiveCfg = Debug|Any CPU
		{3D00E95F-BAEF-4681-BB1A-66042D38DC8D}.Debug|Any CPU.Build.0 = Debug|Any CPU
		{3D00E95F-BAEF-4681-BB1A-66042D38DC8D}.Release|Any CPU.ActiveCfg = Release|Any CPU
		{3D00E95F-BAEF-4681-BB1A-66042D38DC8D}.Release|Any CPU.Build.0 = Release|Any CPU
		{ABC3C39C-1BA1-4911-B719-D28906AF3637}.Debug|Any CPU.ActiveCfg = Debug
		{ABC3C39C-1BA1-4911-B719-D28906AF3637}.Release|Any CPU.ActiveCfg = Release
	EndGlobalSection
	GlobalSection(SolutionProperties) = preSolution
		HideSolutionNode = FALSE
	EndGlobalSection
	GlobalSection(ExtensibilityGlobals) = postSolution
		SolutionGuid = {E8523AE4-1E8C-46F6-B0D9-E447FB2F926C}
	EndGlobalSection
EndGlobal
